<?xml version="1.0" encoding="utf-8"?>
<Project ToolsVersion="4.0" xmlns="http://schemas.microsoft.com/developer/msbuild/2003">
  <ItemGroup>
    <ClCompile Include="ChampDatabase.cpp">
      <Filter>Source Files</Filter>
    </ClCompile>
    <ClCompile Include="Champion.cpp">
      <Filter>Source Files</Filter>
    </ClCompile>
    <ClCompile Include="ChampionSearch.cpp">
      <Filter>Source Files</Filter>
    </ClCompile>
    <ClCompile Include="Main.cpp">
      <Filter>Source Files</Filter>
    </ClCompile>
    <ClCompile Include="UserInput.cpp">
      <Filter>Source Files</Filter>
    </ClCompile>
    <ClCompile Include="Draft.cpp">
      <Filter>Source Files</Filter>
    </ClCompile>
    <ClCompile Include="Team.cpp">
      <Filter>Source Files</Filter>
    </ClCompile>
  </ItemGroup>
  <ItemGroup>
    <ClInclude Include="ChampDatabase.h">
      <Filter>Headers Files</Filter>
    </ClInclude>
    <ClInclude Include="Champion.h">
      <Filter>Headers Files</Filter>
    </ClInclude>
    <ClInclude Include="ChampionSearch.h">
      <Filter>Headers Files</Filter>
    </ClInclude>
    <ClInclude Include="UserInput.h">
      <Filter>Headers Files</Filter>
    </ClInclude>
    <ClInclude Include="Team.h">
      <Filter>Headers Files</Filter>
    </ClInclude>
    <ClInclude Include="Draft.h">
      <Filter>Headers Files</Filter>
    </ClInclude>
  </ItemGroup>
  <ItemGroup>
    <Filter Include="Headers Files">
      <UniqueIdentifier>{f7438539-66a1-4754-ad24-fe3164a2d331}</UniqueIdentifier>
    </Filter>
    <Filter Include="Source Files">
      <UniqueIdentifier>{fdc47d55-1e1b-41e1-bfdc-65de7e2b1ca6}</UniqueIdentifier>
    </Filter>
  </ItemGroup>
</Project>